// !$*UTF8*$!
{
	archiveVersion = 1;
	classes = {
	};
	objectVersion = 51;
	objects = {

/* Begin PBXBuildFile section */
		2F740ED023D70BA2008A9C80 /* Bitcoin.swift in Sources */ = {isa = PBXBuildFile; fileRef = 2F740ECF23D70BA2008A9C80 /* Bitcoin.swift */; };
		2FBAFD7B23D7009C00E79856 /* AppDelegate.swift in Sources */ = {isa = PBXBuildFile; fileRef = 2FBAFD7A23D7009C00E79856 /* AppDelegate.swift */; };
		2FBAFD7D23D7009C00E79856 /* SceneDelegate.swift in Sources */ = {isa = PBXBuildFile; fileRef = 2FBAFD7C23D7009C00E79856 /* SceneDelegate.swift */; };
		2FBAFD7F23D7009C00E79856 /* ViewController.swift in Sources */ = {isa = PBXBuildFile; fileRef = 2FBAFD7E23D7009C00E79856 /* ViewController.swift */; };
		2FBAFD8223D7009C00E79856 /* Main.storyboard in Resources */ = {isa = PBXBuildFile; fileRef = 2FBAFD8023D7009C00E79856 /* Main.storyboard */; };
		2FBAFD8423D7009D00E79856 /* Assets.xcassets in Resources */ = {isa = PBXBuildFile; fileRef = 2FBAFD8323D7009D00E79856 /* Assets.xcassets */; };
		2FBAFD8723D7009D00E79856 /* LaunchScreen.storyboard in Resources */ = {isa = PBXBuildFile; fileRef = 2FBAFD8523D7009D00E79856 /* LaunchScreen.storyboard */; };
		59B5252523D7396C00AB7064 /* BitcoinTableViewCell.swift in Sources */ = {isa = PBXBuildFile; fileRef = 59B5252423D7396C00AB7064 /* BitcoinTableViewCell.swift */; };
		59B5252A23D7582900AB7064 /* Currency.swift in Sources */ = {isa = PBXBuildFile; fileRef = 59B5252923D7582900AB7064 /* Currency.swift */; };
		81EC4B986713804C9C92EBB5 /* Pods_TP_iOS.framework in Frameworks */ = {isa = PBXBuildFile; fileRef = 16D104DAB03A98D3B99DCCDB /* Pods_TP_iOS.framework */; };
/* End PBXBuildFile section */

/* Begin PBXFileReference section */
		16D104DAB03A98D3B99DCCDB /* Pods_TP_iOS.framework */ = {isa = PBXFileReference; explicitFileType = wrapper.framework; includeInIndex = 0; path = Pods_TP_iOS.framework; sourceTree = BUILT_PRODUCTS_DIR; };
		2F740ECF23D70BA2008A9C80 /* Bitcoin.swift */ = {isa = PBXFileReference; lastKnownFileType = sourcecode.swift; path = Bitcoin.swift; sourceTree = "<group>"; };
		2FBAFD7723D7009C00E79856 /* TP-iOS.app */ = {isa = PBXFileReference; explicitFileType = wrapper.application; includeInIndex = 0; path = "TP-iOS.app"; sourceTree = BUILT_PRODUCTS_DIR; };
		2FBAFD7A23D7009C00E79856 /* AppDelegate.swift */ = {isa = PBXFileReference; lastKnownFileType = sourcecode.swift; path = AppDelegate.swift; sourceTree = "<group>"; };
		2FBAFD7C23D7009C00E79856 /* SceneDelegate.swift */ = {isa = PBXFileReference; lastKnownFileType = sourcecode.swift; path = SceneDelegate.swift; sourceTree = "<group>"; };
		2FBAFD7E23D7009C00E79856 /* ViewController.swift */ = {isa = PBXFileReference; lastKnownFileType = sourcecode.swift; path = ViewController.swift; sourceTree = "<group>"; };
		2FBAFD8123D7009C00E79856 /* Base */ = {isa = PBXFileReference; lastKnownFileType = file.storyboard; name = Base; path = Base.lproj/Main.storyboard; sourceTree = "<group>"; };
		2FBAFD8323D7009D00E79856 /* Assets.xcassets */ = {isa = PBXFileReference; lastKnownFileType = folder.assetcatalog; path = Assets.xcassets; sourceTree = "<group>"; };
		2FBAFD8623D7009D00E79856 /* Base */ = {isa = PBXFileReference; lastKnownFileType = file.storyboard; name = Base; path = Base.lproj/LaunchScreen.storyboard; sourceTree = "<group>"; };
		2FBAFD8823D7009D00E79856 /* Info.plist */ = {isa = PBXFileReference; lastKnownFileType = text.plist.xml; path = Info.plist; sourceTree = "<group>"; };
		42716E795524AC269E44DEEC /* Pods-TP-iOS.debug.xcconfig */ = {isa = PBXFileReference; includeInIndex = 1; lastKnownFileType = text.xcconfig; name = "Pods-TP-iOS.debug.xcconfig"; path = "Target Support Files/Pods-TP-iOS/Pods-TP-iOS.debug.xcconfig"; sourceTree = "<group>"; };
		59B5252423D7396C00AB7064 /* BitcoinTableViewCell.swift */ = {isa = PBXFileReference; lastKnownFileType = sourcecode.swift; path = BitcoinTableViewCell.swift; sourceTree = "<group>"; };
		59B5252923D7582900AB7064 /* Currency.swift */ = {isa = PBXFileReference; lastKnownFileType = sourcecode.swift; path = Currency.swift; sourceTree = "<group>"; };
		A590CABC3EB3E6BC931CF329 /* Pods-TP-iOS.release.xcconfig */ = {isa = PBXFileReference; includeInIndex = 1; lastKnownFileType = text.xcconfig; name = "Pods-TP-iOS.release.xcconfig"; path = "Target Support Files/Pods-TP-iOS/Pods-TP-iOS.release.xcconfig"; sourceTree = "<group>"; };
/* End PBXFileReference section */

/* Begin PBXFrameworksBuildPhase section */
		2FBAFD7423D7009C00E79856 /* Frameworks */ = {
			isa = PBXFrameworksBuildPhase;
			buildActionMask = 2147483647;
			files = (
				81EC4B986713804C9C92EBB5 /* Pods_TP_iOS.framework in Frameworks */,
			);
			runOnlyForDeploymentPostprocessing = 0;
		};
/* End PBXFrameworksBuildPhase section */

/* Begin PBXGroup section */
		2F740ECE23D70B84008A9C80 /* Models */ = {
			isa = PBXGroup;
			children = (
				2F740ECF23D70BA2008A9C80 /* Bitcoin.swift */,
				59B5252923D7582900AB7064 /* Currency.swift */,
			);
			path = Models;
			sourceTree = "<group>";
		};
		2FBAFD6E23D7009C00E79856 = {
			isa = PBXGroup;
			children = (
				2FBAFD7923D7009C00E79856 /* TP-iOS */,
				2FBAFD7823D7009C00E79856 /* Products */,
				CA3971BF95C9DF12B07080C1 /* Pods */,
				DD7A8D8C99FC67E270F91600 /* Frameworks */,
			);
			sourceTree = "<group>";
		};
		2FBAFD7823D7009C00E79856 /* Products */ = {
			isa = PBXGroup;
			children = (
				2FBAFD7723D7009C00E79856 /* TP-iOS.app */,
			);
			name = Products;
			sourceTree = "<group>";
		};
		2FBAFD7923D7009C00E79856 /* TP-iOS */ = {
			isa = PBXGroup;
			children = (
				2F740ECE23D70B84008A9C80 /* Models */,
				2FBAFD7E23D7009C00E79856 /* ViewController.swift */,
				2FBAFD7A23D7009C00E79856 /* AppDelegate.swift */,
				2FBAFD7C23D7009C00E79856 /* SceneDelegate.swift */,
				2FBAFD8023D7009C00E79856 /* Main.storyboard */,
				2FBAFD8323D7009D00E79856 /* Assets.xcassets */,
				2FBAFD8523D7009D00E79856 /* LaunchScreen.storyboard */,
				2FBAFD8823D7009D00E79856 /* Info.plist */,
				59B5252423D7396C00AB7064 /* BitcoinTableViewCell.swift */,
			);
			path = "TP-iOS";
			sourceTree = "<group>";
		};
		CA3971BF95C9DF12B07080C1 /* Pods */ = {
			isa = PBXGroup;
			children = (
				42716E795524AC269E44DEEC /* Pods-TP-iOS.debug.xcconfig */,
				A590CABC3EB3E6BC931CF329 /* Pods-TP-iOS.release.xcconfig */,
			);
			path = Pods;
			sourceTree = "<group>";
		};
		DD7A8D8C99FC67E270F91600 /* Frameworks */ = {
			isa = PBXGroup;
			children = (
				16D104DAB03A98D3B99DCCDB /* Pods_TP_iOS.framework */,
			);
			name = Frameworks;
			sourceTree = "<group>";
		};
/* End PBXGroup section */

/* Begin PBXNativeTarget section */
		2FBAFD7623D7009C00E79856 /* TP-iOS */ = {
			isa = PBXNativeTarget;
			buildConfigurationList = 2FBAFD8B23D7009D00E79856 /* Build configuration list for PBXNativeTarget "TP-iOS" */;
			buildPhases = (
				30707C345044FD7475AA741B /* [CP] Check Pods Manifest.lock */,
				2FBAFD7323D7009C00E79856 /* Sources */,
				2FBAFD7423D7009C00E79856 /* Frameworks */,
				2FBAFD7523D7009C00E79856 /* Resources */,
				B1314DFF068A96CF0B278266 /* [CP] Embed Pods Frameworks */,
			);
			buildRules = (
			);
			dependencies = (
			);
			name = "TP-iOS";
			productName = "TP-iOS";
			productReference = 2FBAFD7723D7009C00E79856 /* TP-iOS.app */;
			productType = "com.apple.product-type.application";
		};
/* End PBXNativeTarget section */

/* Begin PBXProject section */
		2FBAFD6F23D7009C00E79856 /* Project object */ = {
			isa = PBXProject;
			attributes = {
				LastSwiftUpdateCheck = 1130;
				LastUpgradeCheck = 1130;
				ORGANIZATIONNAME = "Mattis Beguin";
				TargetAttributes = {
					2FBAFD7623D7009C00E79856 = {
						CreatedOnToolsVersion = 11.3;
					};
				};
			};
			buildConfigurationList = 2FBAFD7223D7009C00E79856 /* Build configuration list for PBXProject "TP-iOS" */;
			compatibilityVersion = "Xcode 9.3";
			developmentRegion = en;
			hasScannedForEncodings = 0;
			knownRegions = (
				en,
				Base,
			);
			mainGroup = 2FBAFD6E23D7009C00E79856;
			productRefGroup = 2FBAFD7823D7009C00E79856 /* Products */;
			projectDirPath = "";
			projectRoot = "";
			targets = (
				2FBAFD7623D7009C00E79856 /* TP-iOS */,
			);
		};
/* End PBXProject section */

/* Begin PBXResourcesBuildPhase section */
		2FBAFD7523D7009C00E79856 /* Resources */ = {
			isa = PBXResourcesBuildPhase;
			buildActionMask = 2147483647;
			files = (
				2FBAFD8723D7009D00E79856 /* LaunchScreen.storyboard in Resources */,
				2FBAFD8423D7009D00E79856 /* Assets.xcassets in Resources */,
				2FBAFD8223D7009C00E79856 /* Main.storyboard in Resources */,
			);
			runOnlyForDeploymentPostprocessing = 0;
		};
/* End PBXResourcesBuildPhase section */

/* Begin PBXShellScriptBuildPhase section */
		30707C345044FD7475AA741B /* [CP] Check Pods Manifest.lock */ = {
			isa = PBXShellScriptBuildPhase;
			buildActionMask = 2147483647;
			files = (
			);
			inputFileListPaths = (
			);
			inputPaths = (
				"${PODS_PODFILE_DIR_PATH}/Podfile.lock",
				"${PODS_ROOT}/Manifest.lock",
			);
			name = "[CP] Check Pods Manifest.lock";
			outputFileListPaths = (
			);
			outputPaths = (
				"$(DERIVED_FILE_DIR)/Pods-TP-iOS-checkManifestLockResult.txt",
			);
			runOnlyForDeploymentPostprocessing = 0;
			shellPath = /bin/sh;
			shellScript = "diff \"${PODS_PODFILE_DIR_PATH}/Podfile.lock\" \"${PODS_ROOT}/Manifest.lock\" > /dev/null\nif [ $? != 0 ] ; then\n    # print error to STDERR\n    echo \"error: The sandbox is not in sync with the Podfile.lock. Run 'pod install' or update your CocoaPods installation.\" >&2\n    exit 1\nfi\n# This output is used by Xcode 'outputs' to avoid re-running this script phase.\necho \"SUCCESS\" > \"${SCRIPT_OUTPUT_FILE_0}\"\n";
			showEnvVarsInLog = 0;
		};
		B1314DFF068A96CF0B278266 /* [CP] Embed Pods Frameworks */ = {
			isa = PBXShellScriptBuildPhase;
			buildActionMask = 2147483647;
			files = (
			);
			inputFileListPaths = (
				"${PODS_ROOT}/Target Support Files/Pods-TP-iOS/Pods-TP-iOS-frameworks-${CONFIGURATION}-input-files.xcfilelist",
			);
			name = "[CP] Embed Pods Frameworks";
			outputFileListPaths = (
				"${PODS_ROOT}/Target Support Files/Pods-TP-iOS/Pods-TP-iOS-frameworks-${CONFIGURATION}-output-files.xcfilelist",
			);
			runOnlyForDeploymentPostprocessing = 0;
			shellPath = /bin/sh;
			shellScript = "\"${PODS_ROOT}/Target Support Files/Pods-TP-iOS/Pods-TP-iOS-frameworks.sh\"\n";
			showEnvVarsInLog = 0;
		};
/* End PBXShellScriptBuildPhase section */

/* Begin PBXSourcesBuildPhase section */
		2FBAFD7323D7009C00E79856 /* Sources */ = {
			isa = PBXSourcesBuildPhase;
			buildActionMask = 2147483647;
			files = (
				59B5252A23D7582900AB7064 /* Currency.swift in Sources */,
				2F740ED023D70BA2008A9C80 /* Bitcoin.swift in Sources */,
				2FBAFD7F23D7009C00E79856 /* ViewController.swift in Sources */,
				2FBAFD7B23D7009C00E79856 /* AppDelegate.swift in Sources */,
				59B5252523D7396C00AB7064 /* BitcoinTableViewCell.swift in Sources */,
				2FBAFD7D23D7009C00E79856 /* SceneDelegate.swift in Sources */,
			);
			runOnlyForDeploymentPostprocessing = 0;
		};
/* End PBXSourcesBuildPhase section */

/* Begin PBXVariantGroup section */
		2FBAFD8023D7009C00E79856 /* Main.storyboard */ = {
			isa = PBXVariantGroup;
			children = (
				2FBAFD8123D7009C00E79856 /* Base */,
			);
			name = Main.storyboard;
			sourceTree = "<group>";
		};
		2FBAFD8523D7009D00E79856 /* LaunchScreen.storyboard */ = {
			isa = PBXVariantGroup;
			children = (
				2FBAFD8623D7009D00E79856 /* Base */,
			);
			name = LaunchScreen.storyboard;
			sourceTree = "<group>";
		};
/* End PBXVariantGroup section */

/* Begin XCBuildConfiguration section */
		2FBAFD8923D7009D00E79856 /* Debug */ = {
			isa = XCBuildConfiguration;
			buildSettings = {
				ALWAYS_SEARCH_USER_PATHS = NO;
				CLANG_ANALYZER_NONNULL = YES;
				CLANG_ANALYZER_NUMBER_OBJECT_CONVERSION = YES_AGGRESSIVE;
				CLANG_CXX_LANGUAGE_STANDARD = "gnu++14";
				CLANG_CXX_LIBRARY = "libc++";
				CLANG_ENABLE_MODULES = YES;
				CLANG_ENABLE_OBJC_ARC = YES;
				CLANG_ENABLE_OBJC_WEAK = YES;
				CLANG_WARN_BLOCK_CAPTURE_AUTORELEASING = YES;
				CLANG_WARN_BOOL_CONVERSION = YES;
				CLANG_WARN_COMMA = YES;
				CLANG_WARN_CONSTANT_CONVERSION = YES;
				CLANG_WARN_DEPRECATED_OBJC_IMPLEMENTATIONS = YES;
				CLANG_WARN_DIRECT_OBJC_ISA_USAGE = YES_ERROR;
				CLANG_WARN_DOCUMENTATION_COMMENTS = YES;
				CLANG_WARN_EMPTY_BODY = YES;
				CLANG_WARN_ENUM_CONVERSION = YES;
				CLANG_WARN_INFINITE_RECURSION = YES;
				CLANG_WARN_INT_CONVERSION = YES;
				CLANG_WARN_NON_LITERAL_NULL_CONVERSION = YES;
				CLANG_WARN_OBJC_IMPLICIT_RETAIN_SELF = YES;
				CLANG_WARN_OBJC_LITERAL_CONVERSION = YES;
				CLANG_WARN_OBJC_ROOT_CLASS = YES_ERROR;
				CLANG_WARN_RANGE_LOOP_ANALYSIS = YES;
				CLANG_WARN_STRICT_PROTOTYPES = YES;
				CLANG_WARN_SUSPICIOUS_MOVE = YES;
				CLANG_WARN_UNGUARDED_AVAILABILITY = YES_AGGRESSIVE;
				CLANG_WARN_UNREACHABLE_CODE = YES;
				CLANG_WARN__DUPLICATE_METHOD_MATCH = YES;
				COPY_PHASE_STRIP = NO;
				DEBUG_INFORMATION_FORMAT = dwarf;
				ENABLE_STRICT_OBJC_MSGSEND = YES;
				ENABLE_TESTABILITY = YES;
				GCC_C_LANGUAGE_STANDARD = gnu11;
				GCC_DYNAMIC_NO_PIC = NO;
				GCC_NO_COMMON_BLOCKS = YES;
				GCC_OPTIMIZATION_LEVEL = 0;
				GCC_PREPROCESSOR_DEFINITIONS = (
					"DEBUG=1",
					"$(inherited)",
				);
				GCC_WARN_64_TO_32_BIT_CONVERSION = YES;
				GCC_WARN_ABOUT_RETURN_TYPE = YES_ERROR;
				GCC_WARN_UNDECLARED_SELECTOR = YES;
				GCC_WARN_UNINITIALIZED_AUTOS = YES_AGGRESSIVE;
				GCC_WARN_UNUSED_FUNCTION = YES;
				GCC_WARN_UNUSED_VARIABLE = YES;
				IPHONEOS_DEPLOYMENT_TARGET = 13.2;
				MTL_ENABLE_DEBUG_INFO = INCLUDE_SOURCE;
				MTL_FAST_MATH = YES;
				ONLY_ACTIVE_ARCH = YES;
				SDKROOT = iphoneos;
				SWIFT_ACTIVE_COMPILATION_CONDITIONS = DEBUG;
				SWIFT_OPTIMIZATION_LEVEL = "-Onone";
			};
			name = Debug;
		};
		2FBAFD8A23D7009D00E79856 /* Release */ = {
			isa = XCBuildConfiguration;
			buildSettings = {
				ALWAYS_SEARCH_USER_PATHS = NO;
				CLANG_ANALYZER_NONNULL = YES;
				CLANG_ANALYZER_NUMBER_OBJECT_CONVERSION = YES_AGGRESSIVE;
				CLANG_CXX_LANGUAGE_STANDARD = "gnu++14";
				CLANG_CXX_LIBRARY = "libc++";
				CLANG_ENABLE_MODULES = YES;
				CLANG_ENABLE_OBJC_ARC = YES;
				CLANG_ENABLE_OBJC_WEAK = YES;
				CLANG_WARN_BLOCK_CAPTURE_AUTORELEASING = YES;
				CLANG_WARN_BOOL_CONVERSION = YES;
				CLANG_WARN_COMMA = YES;
				CLANG_WARN_CONSTANT_CONVERSION = YES;
				CLANG_WARN_DEPRECATED_OBJC_IMPLEMENTATIONS = YES;
				CLANG_WARN_DIRECT_OBJC_ISA_USAGE = YES_ERROR;
				CLANG_WARN_DOCUMENTATION_COMMENTS = YES;
				CLANG_WARN_EMPTY_BODY = YES;
				CLANG_WARN_ENUM_CONVERSION = YES;
				CLANG_WARN_INFINITE_RECURSION = YES;
				CLANG_WARN_INT_CONVERSION = YES;
				CLANG_WARN_NON_LITERAL_NULL_CONVERSION = YES;
				CLANG_WARN_OBJC_IMPLICIT_RETAIN_SELF = YES;
				CLANG_WARN_OBJC_LITERAL_CONVERSION = YES;
				CLANG_WARN_OBJC_ROOT_CLASS = YES_ERROR;
				CLANG_WARN_RANGE_LOOP_ANALYSIS = YES;
				CLANG_WARN_STRICT_PROTOTYPES = YES;
				CLANG_WARN_SUSPICIOUS_MOVE = YES;
				CLANG_WARN_UNGUARDED_AVAILABILITY = YES_AGGRESSIVE;
				CLANG_WARN_UNREACHABLE_CODE = YES;
				CLANG_WARN__DUPLICATE_METHOD_MATCH = YES;
				COPY_PHASE_STRIP = NO;
				DEBUG_INFORMATION_FORMAT = "dwarf-with-dsym";
				ENABLE_NS_ASSERTIONS = NO;
				ENABLE_STRICT_OBJC_MSGSEND = YES;
				GCC_C_LANGUAGE_STANDARD = gnu11;
				GCC_NO_COMMON_BLOCKS = YES;
				GCC_WARN_64_TO_32_BIT_CONVERSION = YES;
				GCC_WARN_ABOUT_RETURN_TYPE = YES_ERROR;
				GCC_WARN_UNDECLARED_SELECTOR = YES;
				GCC_WARN_UNINITIALIZED_AUTOS = YES_AGGRESSIVE;
				GCC_WARN_UNUSED_FUNCTION = YES;
				GCC_WARN_UNUSED_VARIABLE = YES;
				IPHONEOS_DEPLOYMENT_TARGET = 13.2;
				MTL_ENABLE_DEBUG_INFO = NO;
				MTL_FAST_MATH = YES;
				SDKROOT = iphoneos;
				SWIFT_COMPILATION_MODE = wholemodule;
				SWIFT_OPTIMIZATION_LEVEL = "-O";
				VALIDATE_PRODUCT = YES;
			};
			name = Release;
		};
		2FBAFD8C23D7009D00E79856 /* Debug */ = {
			isa = XCBuildConfiguration;
			baseConfigurationReference = 42716E795524AC269E44DEEC /* Pods-TP-iOS.debug.xcconfig */;
			buildSettings = {
				ASSETCATALOG_COMPILER_APPICON_NAME = AppIcon;
				CODE_SIGN_STYLE = Automatic;
				INFOPLIST_FILE = "TP-iOS/Info.plist";
				LD_RUNPATH_SEARCH_PATHS = (
					"$(inherited)",
					"@executable_path/Frameworks",
				);
				PRODUCT_BUNDLE_IDENTIFIER = "fr.insset.ios.mattis-thibault.TP-iOS";
				PRODUCT_NAME = "$(TARGET_NAME)";
				SWIFT_VERSION = 5.0;
				TARGETED_DEVICE_FAMILY = "1,2";
			};
			name = Debug;
		};
		2FBAFD8D23D7009D00E79856 /* Release */ = {
			isa = XCBuildConfiguration;
			baseConfigurationReference = A590CABC3EB3E6BC931CF329 /* Pods-TP-iOS.release.xcconfig */;
			buildSettings = {
				ASSETCATALOG_COMPILER_APPICON_NAME = AppIcon;
				CODE_SIGN_STYLE = Automatic;
				INFOPLIST_FILE = "TP-iOS/Info.plist";
				LD_RUNPATH_SEARCH_PATHS = (
					"$(inherited)",
					"@executable_path/Frameworks",
				);
				PRODUCT_BUNDLE_IDENTIFIER = "fr.insset.ios.mattis-thibault.TP-iOS";
				PRODUCT_NAME = "$(TARGET_NAME)";
				SWIFT_VERSION = 5.0;
				TARGETED_DEVICE_FAMILY = "1,2";
			};
			name = Release;
		};
/* End XCBuildConfiguration section */

/* Begin XCConfigurationList section */
		2FBAFD7223D7009C00E79856 /* Build configuration list for PBXProject "TP-iOS" */ = {
			isa = XCConfigurationList;
			buildConfigurations = (
				2FBAFD8923D7009D00E79856 /* Debug */,
				2FBAFD8A23D7009D00E79856 /* Release */,
			);
			defaultConfigurationIsVisible = 0;
			defaultConfigurationName = Release;
		};
		2FBAFD8B23D7009D00E79856 /* Build configuration list for PBXNativeTarget "TP-iOS" */ = {
			isa = XCConfigurationList;
			buildConfigurations = (
				2FBAFD8C23D7009D00E79856 /* Debug */,
				2FBAFD8D23D7009D00E79856 /* Release */,
			);
			defaultConfigurationIsVisible = 0;
			defaultConfigurationName = Release;
		};
/* End XCConfigurationList section */
	};
	rootObject = 2FBAFD6F23D7009C00E79856 /* Project object */;
}
